
Microsoft Visual Studio Solution File, Format Version 12.00
# Visual Studio Version 16
VisualStudioVersion = 16.0.29905.134
MinimumVisualStudioVersion = 10.0.40219.1
Project("{FAE04EC0-301F-11D3-BF4B-00C04F79EFBC}") = "DGS_Viewer", "DGS_Viewer\DGS_Viewer.csproj", "{9A4CC653-A920-4DCE-BA13-C6F78683D16E}"
EndProject
Project("{2150E333-8FDC-42A3-9474-1A3956D46DE8}") = "Core", "Core", "{8EC56EC3-652D-4292-AACB-B0DBE429133A}"
EndProject
Project("{FAE04EC0-301F-11D3-BF4B-00C04F79EFBC}") = "Sedas.Control", "Core\Sedas.Control\Sedas.Control.csproj", "{32AECA8E-2926-47AB-8E09-B7ED60A4B4D9}"
EndProject
Project("{FAE04EC0-301F-11D3-BF4B-00C04F79EFBC}") = "Sedas.Core", "Core\Sedas.Core\Sedas.Core.csproj", "{B43E3716-3181-43DD-B529-A0F1A1558FB9}"
EndProject
Project("{FAE04EC0-301F-11D3-BF4B-00C04F79EFBC}") = "Sedas.DB", "Sedas.DB\Sedas.DB.csproj", "{8A9099F2-5299-44FC-A144-D6BAE788FE3F}"
EndProject
Project("{FAE04EC0-301F-11D3-BF4B-00C04F79EFBC}") = "Sedas.ImageHelper", "Sedas.ImageHelper\Sedas.ImageHelper.csproj", "{03FEF31F-60BB-4D39-AC2B-CE4D9692E566}"
EndProject
Project("{FAE04EC0-301F-11D3-BF4B-00C04F79EFBC}") = "Sedas.UserControl", "Sedas.UserControl\Sedas.UserControl.csproj", "{C612887A-4D97-4782-8B54-C385C203D729}"
EndProject
Global
	GlobalSection(SolutionConfigurationPlatforms) = preSolution
		Debug|Any CPU = Debug|Any CPU
		Debug|x86 = Debug|x86
		Release|Any CPU = Release|Any CPU
		Release|x86 = Release|x86
	EndGlobalSection
	GlobalSection(ProjectConfigurationPlatforms) = postSolution
		{9A4CC653-A920-4DCE-BA13-C6F78683D16E}.Debug|Any CPU.ActiveCfg = Debug|Any CPU
		{9A4CC653-A920-4DCE-BA13-C6F78683D16E}.Debug|Any CPU.Build.0 = Debug|Any CPU
		{9A4CC653-A920-4DCE-BA13-C6F78683D16E}.Debug|x86.ActiveCfg = Debug|Any CPU
		{9A4CC653-A920-4DCE-BA13-C6F78683D16E}.Debug|x86.Build.0 = Debug|Any CPU
		{9A4CC653-A920-4DCE-BA13-C6F78683D16E}.Release|Any CPU.ActiveCfg = Release|Any CPU
		{9A4CC653-A920-4DCE-BA13-C6F78683D16E}.Release|Any CPU.Build.0 = Release|Any CPU
		{9A4CC653-A920-4DCE-BA13-C6F78683D16E}.Release|x86.ActiveCfg = Release|Any CPU
		{9A4CC653-A920-4DCE-BA13-C6F78683D16E}.Release|x86.Build.0 = Release|Any CPU
		{32AECA8E-2926-47AB-8E09-B7ED60A4B4D9}.Debug|Any CPU.ActiveCfg = Debug|Any CPU
		{32AECA8E-2926-47AB-8E09-B7ED60A4B4D9}.Debug|Any CPU.Build.0 = Debug|Any CPU
		{32AECA8E-2926-47AB-8E09-B7ED60A4B4D9}.Debug|x86.ActiveCfg = Debug|Any CPU
		{32AECA8E-2926-47AB-8E09-B7ED60A4B4D9}.Debug|x86.Build.0 = Debug|Any CPU
		{32AECA8E-2926-47AB-8E09-B7ED60A4B4D9}.Release|Any CPU.ActiveCfg = Release|Any CPU
		{32AECA8E-2926-47AB-8E09-B7ED60A4B4D9}.Release|Any CPU.Build.0 = Release|Any CPU
		{32AECA8E-2926-47AB-8E09-B7ED60A4B4D9}.Release|x86.ActiveCfg = Release|Any CPU
		{32AECA8E-2926-47AB-8E09-B7ED60A4B4D9}.Release|x86.Build.0 = Release|Any CPU
		{B43E3716-3181-43DD-B529-A0F1A1558FB9}.Debug|Any CPU.ActiveCfg = Debug|Any CPU
		{B43E3716-3181-43DD-B529-A0F1A1558FB9}.Debug|Any CPU.Build.0 = Debug|Any CPU
		{B43E3716-3181-43DD-B529-A0F1A1558FB9}.Debug|x86.ActiveCfg = Debug|Any CPU
		{B43E3716-3181-43DD-B529-A0F1A1558FB9}.Debug|x86.Build.0 = Debug|Any CPU
		{B43E3716-3181-43DD-B529-A0F1A1558FB9}.Release|Any CPU.ActiveCfg = Release|Any CPU
		{B43E3716-3181-43DD-B529-A0F1A1558FB9}.Release|Any CPU.Build.0 = Release|Any CPU
		{B43E3716-3181-43DD-B529-A0F1A1558FB9}.Release|x86.ActiveCfg = Release|Any CPU
		{B43E3716-3181-43DD-B529-A0F1A1558FB9}.Release|x86.Build.0 = Release|Any CPU
		{8A9099F2-5299-44FC-A144-D6BAE788FE3F}.Debug|Any CPU.ActiveCfg = Debug|Any CPU
		{8A9099F2-5299-44FC-A144-D6BAE788FE3F}.Debug|Any CPU.Build.0 = Debug|Any CPU
		{8A9099F2-5299-44FC-A144-D6BAE788FE3F}.Debug|x86.ActiveCfg = Debug|Any CPU
		{8A9099F2-5299-44FC-A144-D6BAE788FE3F}.Debug|x86.Build.0 = Debug|Any CPU
		{8A9099F2-5299-44FC-A144-D6BAE788FE3F}.Release|Any CPU.ActiveCfg = Release|Any CPU
		{8A9099F2-5299-44FC-A144-D6BAE788FE3F}.Release|Any CPU.Build.0 = Release|Any CPU
		{8A9099F2-5299-44FC-A144-D6BAE788FE3F}.Release|x86.ActiveCfg = Release|Any CPU
		{8A9099F2-5299-44FC-A144-D6BAE788FE3F}.Release|x86.Build.0 = Release|Any CPU
		{03FEF31F-60BB-4D39-AC2B-CE4D9692E566}.Debug|Any CPU.ActiveCfg = Debug|Any CPU
		{03FEF31F-60BB-4D39-AC2B-CE4D9692E566}.Debug|Any CPU.Build.0 = Debug|Any CPU
		{03FEF31F-60BB-4D39-AC2B-CE4D9692E566}.Debug|x86.ActiveCfg = Debug|Any CPU
		{03FEF31F-60BB-4D39-AC2B-CE4D9692E566}.Debug|x86.Build.0 = Debug|Any CPU
		{03FEF31F-60BB-4D39-AC2B-CE4D9692E566}.Release|Any CPU.ActiveCfg = Release|Any CPU
		{03FEF31F-60BB-4D39-AC2B-CE4D9692E566}.Release|Any CPU.Build.0 = Release|Any CPU
		{03FEF31F-60BB-4D39-AC2B-CE4D9692E566}.Release|x86.ActiveCfg = Release|Any CPU
		{03FEF31F-60BB-4D39-AC2B-CE4D9692E566}.Release|x86.Build.0 = Release|Any CPU
		{C612887A-4D97-4782-8B54-C385C203D729}.Debug|Any CPU.ActiveCfg = Debug|Any CPU
		{C612887A-4D97-4782-8B54-C385C203D729}.Debug|Any CPU.Build.0 = Debug|Any CPU
		{C612887A-4D97-4782-8B54-C385C203D729}.Debug|x86.ActiveCfg = Debug|Any CPU
		{C612887A-4D97-4782-8B54-C385C203D729}.Debug|x86.Build.0 = Debug|Any CPU
		{C612887A-4D97-4782-8B54-C385C203D729}.Release|Any CPU.ActiveCfg = Release|Any CPU
		{C612887A-4D97-4782-8B54-C385C203D729}.Release|Any CPU.Build.0 = Release|Any CPU
		{C612887A-4D97-4782-8B54-C385C203D729}.Release|x86.ActiveCfg = Release|Any CPU
		{C612887A-4D97-4782-8B54-C385C203D729}.Release|x86.Build.0 = Release|Any CPU
	EndGlobalSection
	GlobalSection(SolutionProperties) = preSolution
		HideSolutionNode = FALSE
	EndGlobalSection
	GlobalSection(NestedProjects) = preSolution
		{32AECA8E-2926-47AB-8E09-B7ED60A4B4D9} = {8EC56EC3-652D-4292-AACB-B0DBE429133A}
		{B43E3716-3181-43DD-B529-A0F1A1558FB9} = {8EC56EC3-652D-4292-AACB-B0DBE429133A}
		{8A9099F2-5299-44FC-A144-D6BAE788FE3F} = {8EC56EC3-652D-4292-AACB-B0DBE429133A}
		{03FEF31F-60BB-4D39-AC2B-CE4D9692E566} = {8EC56EC3-652D-4292-AACB-B0DBE429133A}
		{C612887A-4D97-4782-8B54-C385C203D729} = {8EC56EC3-652D-4292-AACB-B0DBE429133A}
	EndGlobalSection
	GlobalSection(ExtensibilityGlobals) = postSolution
		SolutionGuid = {E5F570D2-5317-4A68-A3D7-A32B8400EF6E}
	EndGlobalSection
EndGlobal
