
Microsoft Visual Studio Solution File, Format Version 12.00
# Visual Studio Version 16
VisualStudioVersion = 16.0.29905.134
MinimumVisualStudioVersion = 10.0.40219.1
Project("{FAE04EC0-301F-11D3-BF4B-00C04F79EFBC}") = "IIP", "IIP\IIP.csproj", "{4D92B6ED-404B-43BD-8C1C-837AD2B360B6}"
EndProject
Project("{FAE04EC0-301F-11D3-BF4B-00C04F79EFBC}") = "DGS_Viewer", "DGS_Viewer\DGS_Viewer.csproj", "{9A4CC653-A920-4DCE-BA13-C6F78683D16E}"
EndProject
Project("{2150E333-8FDC-42A3-9474-1A3956D46DE8}") = "Core", "Core", "{8EC56EC3-652D-4292-AACB-B0DBE429133A}"
EndProject
Project("{FAE04EC0-301F-11D3-BF4B-00C04F79EFBC}") = "Sedas.Control", "Core\Sedas.Control\Sedas.Control.csproj", "{32AECA8E-2926-47AB-8E09-B7ED60A4B4D9}"
EndProject
Project("{FAE04EC0-301F-11D3-BF4B-00C04F79EFBC}") = "Sedas Photo Magic", "SedasPhoto\SedasPhoto\Sedas Photo Magic.csproj", "{47409AA5-62AE-4189-8E83-C471502DF5E9}"
EndProject
Project("{FAE04EC0-301F-11D3-BF4B-00C04F79EFBC}") = "Sedas.Core", "Core\Sedas.Core\Sedas.Core.csproj", "{B43E3716-3181-43DD-B529-A0F1A1558FB9}"
EndProject
Project("{FAE04EC0-301F-11D3-BF4B-00C04F79EFBC}") = "TestProject", "TestProject\TestProject.csproj", "{6D32FF1F-B10D-4EBF-9EFE-B90B7A3EF94D}"
EndProject
Project("{FAE04EC0-301F-11D3-BF4B-00C04F79EFBC}") = "Sedas.DB", "Sedas.DB\Sedas.DB.csproj", "{8A9099F2-5299-44FC-A144-D6BAE788FE3F}"
EndProject
Project("{FAE04EC0-301F-11D3-BF4B-00C04F79EFBC}") = "Integration_Viewer", "Integration_Viewer\Integration_Viewer.csproj", "{670765F9-8892-49C4-BDCC-70F7BDD30112}"
EndProject
Project("{FAE04EC0-301F-11D3-BF4B-00C04F79EFBC}") = "Sedas.ImageHelper", "Sedas.ImageHelper\Sedas.ImageHelper.csproj", "{03FEF31F-60BB-4D39-AC2B-CE4D9692E566}"
EndProject
Project("{FAE04EC0-301F-11D3-BF4B-00C04F79EFBC}") = "VideoPlayer", "VideoPlayer\VideoPlayer.csproj", "{80FD09D3-A029-446B-9F22-73A67F81B821}"
EndProject
Project("{FAE04EC0-301F-11D3-BF4B-00C04F79EFBC}") = "FileOpenExplorer", "FileOpenExplorer\FileOpenExplorer.csproj", "{1DBF83B2-CA91-4CE7-903C-E184DA220710}"
EndProject
Project("{FAE04EC0-301F-11D3-BF4B-00C04F79EFBC}") = "Sedas.UserControl", "Sedas.UserControl\Sedas.UserControl.csproj", "{C612887A-4D97-4782-8B54-C385C203D729}"
EndProject
Project("{FAE04EC0-301F-11D3-BF4B-00C04F79EFBC}") = "FileManagement", "FileManagement\FileManagement.csproj", "{21D2F0F2-77EB-4067-9E62-FF8BAD4E65DF}"
EndProject
Project("{FAE04EC0-301F-11D3-BF4B-00C04F79EFBC}") = "FileSendBatch", "FileSendBatch\FileSendBatch.csproj", "{C3CE1E6A-BFEE-4CEF-9337-FBCE0EADAD01}"
EndProject
Project("{FAE04EC0-301F-11D3-BF4B-00C04F79EFBC}") = "ImageOCR", "ImageOCR\ImageOCR.csproj", "{B79ABDD6-2444-4D8C-B8C0-03F73CE26CD8}"
EndProject
Project("{FAE04EC0-301F-11D3-BF4B-00C04F79EFBC}") = "SmartPIS", "SmartPIS\MainForm\SmartPIS.csproj", "{52135385-70F3-486F-B968-A81A35FAD28E}"
EndProject
Project("{FAE04EC0-301F-11D3-BF4B-00C04F79EFBC}") = "VideoPlayerForServer", "VideoPlayerForServer\VideoPlayerForServer.csproj", "{2F57E7DA-296B-4FCA-89B3-B13C22EFFC34}"
EndProject
Project("{FAE04EC0-301F-11D3-BF4B-00C04F79EFBC}") = "LogViewer", "LogViewer\LogViewer.csproj", "{FB247748-2DFC-45E6-9EA5-DEFFD940DD2C}"
EndProject
Project("{FAE04EC0-301F-11D3-BF4B-00C04F79EFBC}") = "MaterialSkin", "MaterialSkin-master\MaterialSkin\MaterialSkin.csproj", "{8EB7611B-68CD-4B8B-987A-11717E2B250C}"
EndProject
Project("{FAE04EC0-301F-11D3-BF4B-00C04F79EFBC}") = "SedasLauncher", "SedasLauncher\SedasLauncher.csproj", "{F6FB65EF-57AD-450D-AD59-206B838210F5}"
EndProject
Project("{FAE04EC0-301F-11D3-BF4B-00C04F79EFBC}") = "GateWay", "GateWay\GateWay.csproj", "{BFCEAAA7-1F0B-403A-BCC2-FB9282E7724E}"
EndProject
Project("{FAE04EC0-301F-11D3-BF4B-00C04F79EFBC}") = "SRU", "SRU\SRU.csproj", "{8BCB5033-74FD-4887-A772-C9A347DA873A}"
EndProject
Project("{FAE04EC0-301F-11D3-BF4B-00C04F79EFBC}") = "RemoteResourceCheck", "RemoteResourceCheck\RemoteResourceCheck.csproj", "{8FD8C03D-8C95-485A-AE13-887B95ACC4EF}"
EndProject
Project("{FAE04EC0-301F-11D3-BF4B-00C04F79EFBC}") = "UnidecodeSharp", "UnidecodeSharp\UnidecodeSharp.csproj", "{B268B199-851B-4326-BB4C-F054FCFBA4D4}"
EndProject
Global
	GlobalSection(SolutionConfigurationPlatforms) = preSolution
		Debug|Any CPU = Debug|Any CPU
		Debug|x86 = Debug|x86
		Release|Any CPU = Release|Any CPU
		Release|x86 = Release|x86
	EndGlobalSection
	GlobalSection(ProjectConfigurationPlatforms) = postSolution
		{4D92B6ED-404B-43BD-8C1C-837AD2B360B6}.Debug|Any CPU.ActiveCfg = Debug|Any CPU
		{4D92B6ED-404B-43BD-8C1C-837AD2B360B6}.Debug|Any CPU.Build.0 = Debug|Any CPU
		{4D92B6ED-404B-43BD-8C1C-837AD2B360B6}.Debug|x86.ActiveCfg = Debug|Any CPU
		{4D92B6ED-404B-43BD-8C1C-837AD2B360B6}.Debug|x86.Build.0 = Debug|Any CPU
		{4D92B6ED-404B-43BD-8C1C-837AD2B360B6}.Release|Any CPU.ActiveCfg = Release|Any CPU
		{4D92B6ED-404B-43BD-8C1C-837AD2B360B6}.Release|Any CPU.Build.0 = Release|Any CPU
		{4D92B6ED-404B-43BD-8C1C-837AD2B360B6}.Release|x86.ActiveCfg = Release|Any CPU
		{4D92B6ED-404B-43BD-8C1C-837AD2B360B6}.Release|x86.Build.0 = Release|Any CPU
		{9A4CC653-A920-4DCE-BA13-C6F78683D16E}.Debug|Any CPU.ActiveCfg = Debug|Any CPU
		{9A4CC653-A920-4DCE-BA13-C6F78683D16E}.Debug|Any CPU.Build.0 = Debug|Any CPU
		{9A4CC653-A920-4DCE-BA13-C6F78683D16E}.Debug|x86.ActiveCfg = Debug|Any CPU
		{9A4CC653-A920-4DCE-BA13-C6F78683D16E}.Debug|x86.Build.0 = Debug|Any CPU
		{9A4CC653-A920-4DCE-BA13-C6F78683D16E}.Release|Any CPU.ActiveCfg = Release|Any CPU
		{9A4CC653-A920-4DCE-BA13-C6F78683D16E}.Release|Any CPU.Build.0 = Release|Any CPU
		{9A4CC653-A920-4DCE-BA13-C6F78683D16E}.Release|x86.ActiveCfg = Release|Any CPU
		{9A4CC653-A920-4DCE-BA13-C6F78683D16E}.Release|x86.Build.0 = Release|Any CPU
		{32AECA8E-2926-47AB-8E09-B7ED60A4B4D9}.Debug|Any CPU.ActiveCfg = Debug|Any CPU
		{32AECA8E-2926-47AB-8E09-B7ED60A4B4D9}.Debug|Any CPU.Build.0 = Debug|Any CPU
		{32AECA8E-2926-47AB-8E09-B7ED60A4B4D9}.Debug|x86.ActiveCfg = Debug|Any CPU
		{32AECA8E-2926-47AB-8E09-B7ED60A4B4D9}.Debug|x86.Build.0 = Debug|Any CPU
		{32AECA8E-2926-47AB-8E09-B7ED60A4B4D9}.Release|Any CPU.ActiveCfg = Release|Any CPU
		{32AECA8E-2926-47AB-8E09-B7ED60A4B4D9}.Release|Any CPU.Build.0 = Release|Any CPU
		{32AECA8E-2926-47AB-8E09-B7ED60A4B4D9}.Release|x86.ActiveCfg = Release|Any CPU
		{32AECA8E-2926-47AB-8E09-B7ED60A4B4D9}.Release|x86.Build.0 = Release|Any CPU
		{47409AA5-62AE-4189-8E83-C471502DF5E9}.Debug|Any CPU.ActiveCfg = Debug|Any CPU
		{47409AA5-62AE-4189-8E83-C471502DF5E9}.Debug|Any CPU.Build.0 = Debug|Any CPU
		{47409AA5-62AE-4189-8E83-C471502DF5E9}.Debug|x86.ActiveCfg = Debug|Any CPU
		{47409AA5-62AE-4189-8E83-C471502DF5E9}.Debug|x86.Build.0 = Debug|Any CPU
		{47409AA5-62AE-4189-8E83-C471502DF5E9}.Release|Any CPU.ActiveCfg = Release|Any CPU
		{47409AA5-62AE-4189-8E83-C471502DF5E9}.Release|Any CPU.Build.0 = Release|Any CPU
		{47409AA5-62AE-4189-8E83-C471502DF5E9}.Release|x86.ActiveCfg = Release|Any CPU
		{47409AA5-62AE-4189-8E83-C471502DF5E9}.Release|x86.Build.0 = Release|Any CPU
		{B43E3716-3181-43DD-B529-A0F1A1558FB9}.Debug|Any CPU.ActiveCfg = Debug|Any CPU
		{B43E3716-3181-43DD-B529-A0F1A1558FB9}.Debug|Any CPU.Build.0 = Debug|Any CPU
		{B43E3716-3181-43DD-B529-A0F1A1558FB9}.Debug|x86.ActiveCfg = Debug|Any CPU
		{B43E3716-3181-43DD-B529-A0F1A1558FB9}.Debug|x86.Build.0 = Debug|Any CPU
		{B43E3716-3181-43DD-B529-A0F1A1558FB9}.Release|Any CPU.ActiveCfg = Release|Any CPU
		{B43E3716-3181-43DD-B529-A0F1A1558FB9}.Release|Any CPU.Build.0 = Release|Any CPU
		{B43E3716-3181-43DD-B529-A0F1A1558FB9}.Release|x86.ActiveCfg = Release|Any CPU
		{B43E3716-3181-43DD-B529-A0F1A1558FB9}.Release|x86.Build.0 = Release|Any CPU
		{6D32FF1F-B10D-4EBF-9EFE-B90B7A3EF94D}.Debug|Any CPU.ActiveCfg = Debug|Any CPU
		{6D32FF1F-B10D-4EBF-9EFE-B90B7A3EF94D}.Debug|Any CPU.Build.0 = Debug|Any CPU
		{6D32FF1F-B10D-4EBF-9EFE-B90B7A3EF94D}.Debug|x86.ActiveCfg = Debug|Any CPU
		{6D32FF1F-B10D-4EBF-9EFE-B90B7A3EF94D}.Debug|x86.Build.0 = Debug|Any CPU
		{6D32FF1F-B10D-4EBF-9EFE-B90B7A3EF94D}.Release|Any CPU.ActiveCfg = Release|Any CPU
		{6D32FF1F-B10D-4EBF-9EFE-B90B7A3EF94D}.Release|Any CPU.Build.0 = Release|Any CPU
		{6D32FF1F-B10D-4EBF-9EFE-B90B7A3EF94D}.Release|x86.ActiveCfg = Release|Any CPU
		{6D32FF1F-B10D-4EBF-9EFE-B90B7A3EF94D}.Release|x86.Build.0 = Release|Any CPU
		{8A9099F2-5299-44FC-A144-D6BAE788FE3F}.Debug|Any CPU.ActiveCfg = Debug|Any CPU
		{8A9099F2-5299-44FC-A144-D6BAE788FE3F}.Debug|Any CPU.Build.0 = Debug|Any CPU
		{8A9099F2-5299-44FC-A144-D6BAE788FE3F}.Debug|x86.ActiveCfg = Debug|Any CPU
		{8A9099F2-5299-44FC-A144-D6BAE788FE3F}.Debug|x86.Build.0 = Debug|Any CPU
		{8A9099F2-5299-44FC-A144-D6BAE788FE3F}.Release|Any CPU.ActiveCfg = Release|Any CPU
		{8A9099F2-5299-44FC-A144-D6BAE788FE3F}.Release|Any CPU.Build.0 = Release|Any CPU
		{8A9099F2-5299-44FC-A144-D6BAE788FE3F}.Release|x86.ActiveCfg = Release|Any CPU
		{8A9099F2-5299-44FC-A144-D6BAE788FE3F}.Release|x86.Build.0 = Release|Any CPU
		{670765F9-8892-49C4-BDCC-70F7BDD30112}.Debug|Any CPU.ActiveCfg = Debug|Any CPU
		{670765F9-8892-49C4-BDCC-70F7BDD30112}.Debug|Any CPU.Build.0 = Debug|Any CPU
		{670765F9-8892-49C4-BDCC-70F7BDD30112}.Debug|x86.ActiveCfg = Debug|Any CPU
		{670765F9-8892-49C4-BDCC-70F7BDD30112}.Debug|x86.Build.0 = Debug|Any CPU
		{670765F9-8892-49C4-BDCC-70F7BDD30112}.Release|Any CPU.ActiveCfg = Release|Any CPU
		{670765F9-8892-49C4-BDCC-70F7BDD30112}.Release|Any CPU.Build.0 = Release|Any CPU
		{670765F9-8892-49C4-BDCC-70F7BDD30112}.Release|x86.ActiveCfg = Release|Any CPU
		{670765F9-8892-49C4-BDCC-70F7BDD30112}.Release|x86.Build.0 = Release|Any CPU
		{03FEF31F-60BB-4D39-AC2B-CE4D9692E566}.Debug|Any CPU.ActiveCfg = Debug|Any CPU
		{03FEF31F-60BB-4D39-AC2B-CE4D9692E566}.Debug|Any CPU.Build.0 = Debug|Any CPU
		{03FEF31F-60BB-4D39-AC2B-CE4D9692E566}.Debug|x86.ActiveCfg = Debug|Any CPU
		{03FEF31F-60BB-4D39-AC2B-CE4D9692E566}.Debug|x86.Build.0 = Debug|Any CPU
		{03FEF31F-60BB-4D39-AC2B-CE4D9692E566}.Release|Any CPU.ActiveCfg = Release|Any CPU
		{03FEF31F-60BB-4D39-AC2B-CE4D9692E566}.Release|Any CPU.Build.0 = Release|Any CPU
		{03FEF31F-60BB-4D39-AC2B-CE4D9692E566}.Release|x86.ActiveCfg = Release|Any CPU
		{03FEF31F-60BB-4D39-AC2B-CE4D9692E566}.Release|x86.Build.0 = Release|Any CPU
		{80FD09D3-A029-446B-9F22-73A67F81B821}.Debug|Any CPU.ActiveCfg = Debug|Any CPU
		{80FD09D3-A029-446B-9F22-73A67F81B821}.Debug|Any CPU.Build.0 = Debug|Any CPU
		{80FD09D3-A029-446B-9F22-73A67F81B821}.Debug|x86.ActiveCfg = Debug|Any CPU
		{80FD09D3-A029-446B-9F22-73A67F81B821}.Debug|x86.Build.0 = Debug|Any CPU
		{80FD09D3-A029-446B-9F22-73A67F81B821}.Release|Any CPU.ActiveCfg = Release|Any CPU
		{80FD09D3-A029-446B-9F22-73A67F81B821}.Release|Any CPU.Build.0 = Release|Any CPU
		{80FD09D3-A029-446B-9F22-73A67F81B821}.Release|x86.ActiveCfg = Release|Any CPU
		{80FD09D3-A029-446B-9F22-73A67F81B821}.Release|x86.Build.0 = Release|Any CPU
		{1DBF83B2-CA91-4CE7-903C-E184DA220710}.Debug|Any CPU.ActiveCfg = Debug|Any CPU
		{1DBF83B2-CA91-4CE7-903C-E184DA220710}.Debug|Any CPU.Build.0 = Debug|Any CPU
		{1DBF83B2-CA91-4CE7-903C-E184DA220710}.Debug|x86.ActiveCfg = Debug|Any CPU
		{1DBF83B2-CA91-4CE7-903C-E184DA220710}.Debug|x86.Build.0 = Debug|Any CPU
		{1DBF83B2-CA91-4CE7-903C-E184DA220710}.Release|Any CPU.ActiveCfg = Release|Any CPU
		{1DBF83B2-CA91-4CE7-903C-E184DA220710}.Release|Any CPU.Build.0 = Release|Any CPU
		{1DBF83B2-CA91-4CE7-903C-E184DA220710}.Release|x86.ActiveCfg = Release|Any CPU
		{1DBF83B2-CA91-4CE7-903C-E184DA220710}.Release|x86.Build.0 = Release|Any CPU
		{C612887A-4D97-4782-8B54-C385C203D729}.Debug|Any CPU.ActiveCfg = Debug|Any CPU
		{C612887A-4D97-4782-8B54-C385C203D729}.Debug|Any CPU.Build.0 = Debug|Any CPU
		{C612887A-4D97-4782-8B54-C385C203D729}.Debug|x86.ActiveCfg = Debug|Any CPU
		{C612887A-4D97-4782-8B54-C385C203D729}.Debug|x86.Build.0 = Debug|Any CPU
		{C612887A-4D97-4782-8B54-C385C203D729}.Release|Any CPU.ActiveCfg = Release|Any CPU
		{C612887A-4D97-4782-8B54-C385C203D729}.Release|Any CPU.Build.0 = Release|Any CPU
		{C612887A-4D97-4782-8B54-C385C203D729}.Release|x86.ActiveCfg = Release|Any CPU
		{C612887A-4D97-4782-8B54-C385C203D729}.Release|x86.Build.0 = Release|Any CPU
		{21D2F0F2-77EB-4067-9E62-FF8BAD4E65DF}.Debug|Any CPU.ActiveCfg = Debug|Any CPU
		{21D2F0F2-77EB-4067-9E62-FF8BAD4E65DF}.Debug|Any CPU.Build.0 = Debug|Any CPU
		{21D2F0F2-77EB-4067-9E62-FF8BAD4E65DF}.Debug|x86.ActiveCfg = Debug|Any CPU
		{21D2F0F2-77EB-4067-9E62-FF8BAD4E65DF}.Debug|x86.Build.0 = Debug|Any CPU
		{21D2F0F2-77EB-4067-9E62-FF8BAD4E65DF}.Release|Any CPU.ActiveCfg = Release|Any CPU
		{21D2F0F2-77EB-4067-9E62-FF8BAD4E65DF}.Release|Any CPU.Build.0 = Release|Any CPU
		{21D2F0F2-77EB-4067-9E62-FF8BAD4E65DF}.Release|x86.ActiveCfg = Release|Any CPU
		{21D2F0F2-77EB-4067-9E62-FF8BAD4E65DF}.Release|x86.Build.0 = Release|Any CPU
		{C3CE1E6A-BFEE-4CEF-9337-FBCE0EADAD01}.Debug|Any CPU.ActiveCfg = Debug|Any CPU
		{C3CE1E6A-BFEE-4CEF-9337-FBCE0EADAD01}.Debug|Any CPU.Build.0 = Debug|Any CPU
		{C3CE1E6A-BFEE-4CEF-9337-FBCE0EADAD01}.Debug|x86.ActiveCfg = Debug|Any CPU
		{C3CE1E6A-BFEE-4CEF-9337-FBCE0EADAD01}.Debug|x86.Build.0 = Debug|Any CPU
		{C3CE1E6A-BFEE-4CEF-9337-FBCE0EADAD01}.Release|Any CPU.ActiveCfg = Release|Any CPU
		{C3CE1E6A-BFEE-4CEF-9337-FBCE0EADAD01}.Release|Any CPU.Build.0 = Release|Any CPU
		{C3CE1E6A-BFEE-4CEF-9337-FBCE0EADAD01}.Release|x86.ActiveCfg = Release|Any CPU
		{C3CE1E6A-BFEE-4CEF-9337-FBCE0EADAD01}.Release|x86.Build.0 = Release|Any CPU
		{B79ABDD6-2444-4D8C-B8C0-03F73CE26CD8}.Debug|Any CPU.ActiveCfg = Debug|Any CPU
		{B79ABDD6-2444-4D8C-B8C0-03F73CE26CD8}.Debug|Any CPU.Build.0 = Debug|Any CPU
		{B79ABDD6-2444-4D8C-B8C0-03F73CE26CD8}.Debug|x86.ActiveCfg = Debug|Any CPU
		{B79ABDD6-2444-4D8C-B8C0-03F73CE26CD8}.Debug|x86.Build.0 = Debug|Any CPU
		{B79ABDD6-2444-4D8C-B8C0-03F73CE26CD8}.Release|Any CPU.ActiveCfg = Release|Any CPU
		{B79ABDD6-2444-4D8C-B8C0-03F73CE26CD8}.Release|Any CPU.Build.0 = Release|Any CPU
		{B79ABDD6-2444-4D8C-B8C0-03F73CE26CD8}.Release|x86.ActiveCfg = Release|Any CPU
		{B79ABDD6-2444-4D8C-B8C0-03F73CE26CD8}.Release|x86.Build.0 = Release|Any CPU
		{52135385-70F3-486F-B968-A81A35FAD28E}.Debug|Any CPU.ActiveCfg = Debug|x86
		{52135385-70F3-486F-B968-A81A35FAD28E}.Debug|Any CPU.Build.0 = Debug|x86
		{52135385-70F3-486F-B968-A81A35FAD28E}.Debug|x86.ActiveCfg = Debug|x86
		{52135385-70F3-486F-B968-A81A35FAD28E}.Debug|x86.Build.0 = Debug|x86
		{52135385-70F3-486F-B968-A81A35FAD28E}.Release|Any CPU.ActiveCfg = Release|x86
		{52135385-70F3-486F-B968-A81A35FAD28E}.Release|x86.ActiveCfg = Release|x86
		{52135385-70F3-486F-B968-A81A35FAD28E}.Release|x86.Build.0 = Release|x86
		{2F57E7DA-296B-4FCA-89B3-B13C22EFFC34}.Debug|Any CPU.ActiveCfg = Debug|Any CPU
		{2F57E7DA-296B-4FCA-89B3-B13C22EFFC34}.Debug|Any CPU.Build.0 = Debug|Any CPU
		{2F57E7DA-296B-4FCA-89B3-B13C22EFFC34}.Debug|x86.ActiveCfg = Debug|Any CPU
		{2F57E7DA-296B-4FCA-89B3-B13C22EFFC34}.Debug|x86.Build.0 = Debug|Any CPU
		{2F57E7DA-296B-4FCA-89B3-B13C22EFFC34}.Release|Any CPU.ActiveCfg = Release|Any CPU
		{2F57E7DA-296B-4FCA-89B3-B13C22EFFC34}.Release|Any CPU.Build.0 = Release|Any CPU
		{2F57E7DA-296B-4FCA-89B3-B13C22EFFC34}.Release|x86.ActiveCfg = Release|Any CPU
		{2F57E7DA-296B-4FCA-89B3-B13C22EFFC34}.Release|x86.Build.0 = Release|Any CPU
		{FB247748-2DFC-45E6-9EA5-DEFFD940DD2C}.Debug|Any CPU.ActiveCfg = Debug|Any CPU
		{FB247748-2DFC-45E6-9EA5-DEFFD940DD2C}.Debug|Any CPU.Build.0 = Debug|Any CPU
		{FB247748-2DFC-45E6-9EA5-DEFFD940DD2C}.Debug|x86.ActiveCfg = Debug|Any CPU
		{FB247748-2DFC-45E6-9EA5-DEFFD940DD2C}.Debug|x86.Build.0 = Debug|Any CPU
		{FB247748-2DFC-45E6-9EA5-DEFFD940DD2C}.Release|Any CPU.ActiveCfg = Release|Any CPU
		{FB247748-2DFC-45E6-9EA5-DEFFD940DD2C}.Release|Any CPU.Build.0 = Release|Any CPU
		{FB247748-2DFC-45E6-9EA5-DEFFD940DD2C}.Release|x86.ActiveCfg = Release|Any CPU
		{FB247748-2DFC-45E6-9EA5-DEFFD940DD2C}.Release|x86.Build.0 = Release|Any CPU
		{8EB7611B-68CD-4B8B-987A-11717E2B250C}.Debug|Any CPU.ActiveCfg = Debug|Any CPU
		{8EB7611B-68CD-4B8B-987A-11717E2B250C}.Debug|Any CPU.Build.0 = Debug|Any CPU
		{8EB7611B-68CD-4B8B-987A-11717E2B250C}.Debug|x86.ActiveCfg = Debug|Any CPU
		{8EB7611B-68CD-4B8B-987A-11717E2B250C}.Debug|x86.Build.0 = Debug|Any CPU
		{8EB7611B-68CD-4B8B-987A-11717E2B250C}.Release|Any CPU.ActiveCfg = Release|Any CPU
		{8EB7611B-68CD-4B8B-987A-11717E2B250C}.Release|Any CPU.Build.0 = Release|Any CPU
		{8EB7611B-68CD-4B8B-987A-11717E2B250C}.Release|x86.ActiveCfg = Release|Any CPU
		{8EB7611B-68CD-4B8B-987A-11717E2B250C}.Release|x86.Build.0 = Release|Any CPU
		{F6FB65EF-57AD-450D-AD59-206B838210F5}.Debug|Any CPU.ActiveCfg = Debug|Any CPU
		{F6FB65EF-57AD-450D-AD59-206B838210F5}.Debug|Any CPU.Build.0 = Debug|Any CPU
		{F6FB65EF-57AD-450D-AD59-206B838210F5}.Debug|x86.ActiveCfg = Debug|Any CPU
		{F6FB65EF-57AD-450D-AD59-206B838210F5}.Debug|x86.Build.0 = Debug|Any CPU
		{F6FB65EF-57AD-450D-AD59-206B838210F5}.Release|Any CPU.ActiveCfg = Release|Any CPU
		{F6FB65EF-57AD-450D-AD59-206B838210F5}.Release|Any CPU.Build.0 = Release|Any CPU
		{F6FB65EF-57AD-450D-AD59-206B838210F5}.Release|x86.ActiveCfg = Release|Any CPU
		{F6FB65EF-57AD-450D-AD59-206B838210F5}.Release|x86.Build.0 = Release|Any CPU
		{BFCEAAA7-1F0B-403A-BCC2-FB9282E7724E}.Debug|Any CPU.ActiveCfg = Debug|Any CPU
		{BFCEAAA7-1F0B-403A-BCC2-FB9282E7724E}.Debug|Any CPU.Build.0 = Debug|Any CPU
		{BFCEAAA7-1F0B-403A-BCC2-FB9282E7724E}.Debug|x86.ActiveCfg = Debug|Any CPU
		{BFCEAAA7-1F0B-403A-BCC2-FB9282E7724E}.Debug|x86.Build.0 = Debug|Any CPU
		{BFCEAAA7-1F0B-403A-BCC2-FB9282E7724E}.Release|Any CPU.ActiveCfg = Release|Any CPU
		{BFCEAAA7-1F0B-403A-BCC2-FB9282E7724E}.Release|Any CPU.Build.0 = Release|Any CPU
		{BFCEAAA7-1F0B-403A-BCC2-FB9282E7724E}.Release|x86.ActiveCfg = Release|Any CPU
		{BFCEAAA7-1F0B-403A-BCC2-FB9282E7724E}.Release|x86.Build.0 = Release|Any CPU
		{8BCB5033-74FD-4887-A772-C9A347DA873A}.Debug|Any CPU.ActiveCfg = Debug|Any CPU
		{8BCB5033-74FD-4887-A772-C9A347DA873A}.Debug|Any CPU.Build.0 = Debug|Any CPU
		{8BCB5033-74FD-4887-A772-C9A347DA873A}.Debug|x86.ActiveCfg = Debug|Any CPU
		{8BCB5033-74FD-4887-A772-C9A347DA873A}.Debug|x86.Build.0 = Debug|Any CPU
		{8BCB5033-74FD-4887-A772-C9A347DA873A}.Release|Any CPU.ActiveCfg = Release|Any CPU
		{8BCB5033-74FD-4887-A772-C9A347DA873A}.Release|Any CPU.Build.0 = Release|Any CPU
		{8BCB5033-74FD-4887-A772-C9A347DA873A}.Release|x86.ActiveCfg = Release|Any CPU
		{8BCB5033-74FD-4887-A772-C9A347DA873A}.Release|x86.Build.0 = Release|Any CPU
		{8FD8C03D-8C95-485A-AE13-887B95ACC4EF}.Debug|Any CPU.ActiveCfg = Debug|Any CPU
		{8FD8C03D-8C95-485A-AE13-887B95ACC4EF}.Debug|Any CPU.Build.0 = Debug|Any CPU
		{8FD8C03D-8C95-485A-AE13-887B95ACC4EF}.Debug|x86.ActiveCfg = Debug|Any CPU
		{8FD8C03D-8C95-485A-AE13-887B95ACC4EF}.Debug|x86.Build.0 = Debug|Any CPU
		{8FD8C03D-8C95-485A-AE13-887B95ACC4EF}.Release|Any CPU.ActiveCfg = Release|Any CPU
		{8FD8C03D-8C95-485A-AE13-887B95ACC4EF}.Release|Any CPU.Build.0 = Release|Any CPU
		{8FD8C03D-8C95-485A-AE13-887B95ACC4EF}.Release|x86.ActiveCfg = Release|Any CPU
		{8FD8C03D-8C95-485A-AE13-887B95ACC4EF}.Release|x86.Build.0 = Release|Any CPU
		{B268B199-851B-4326-BB4C-F054FCFBA4D4}.Debug|Any CPU.ActiveCfg = Debug|Any CPU
		{B268B199-851B-4326-BB4C-F054FCFBA4D4}.Debug|Any CPU.Build.0 = Debug|Any CPU
		{B268B199-851B-4326-BB4C-F054FCFBA4D4}.Debug|x86.ActiveCfg = Debug|Any CPU
		{B268B199-851B-4326-BB4C-F054FCFBA4D4}.Debug|x86.Build.0 = Debug|Any CPU
		{B268B199-851B-4326-BB4C-F054FCFBA4D4}.Release|Any CPU.ActiveCfg = Release|Any CPU
		{B268B199-851B-4326-BB4C-F054FCFBA4D4}.Release|Any CPU.Build.0 = Release|Any CPU
		{B268B199-851B-4326-BB4C-F054FCFBA4D4}.Release|x86.ActiveCfg = Release|Any CPU
		{B268B199-851B-4326-BB4C-F054FCFBA4D4}.Release|x86.Build.0 = Release|Any CPU
	EndGlobalSection
	GlobalSection(SolutionProperties) = preSolution
		HideSolutionNode = FALSE
	EndGlobalSection
	GlobalSection(NestedProjects) = preSolution
		{32AECA8E-2926-47AB-8E09-B7ED60A4B4D9} = {8EC56EC3-652D-4292-AACB-B0DBE429133A}
		{B43E3716-3181-43DD-B529-A0F1A1558FB9} = {8EC56EC3-652D-4292-AACB-B0DBE429133A}
		{8A9099F2-5299-44FC-A144-D6BAE788FE3F} = {8EC56EC3-652D-4292-AACB-B0DBE429133A}
		{03FEF31F-60BB-4D39-AC2B-CE4D9692E566} = {8EC56EC3-652D-4292-AACB-B0DBE429133A}
		{C612887A-4D97-4782-8B54-C385C203D729} = {8EC56EC3-652D-4292-AACB-B0DBE429133A}
	EndGlobalSection
	GlobalSection(ExtensibilityGlobals) = postSolution
		SolutionGuid = {E5F570D2-5317-4A68-A3D7-A32B8400EF6E}
	EndGlobalSection
EndGlobal
