
Microsoft Visual Studio Solution File, Format Version 12.00
# Visual Studio Version 16
VisualStudioVersion = 16.0.29905.134
MinimumVisualStudioVersion = 10.0.40219.1
Project("{FAE04EC0-301F-11D3-BF4B-00C04F79EFBC}") = "IIP", "IIP.csproj", "{4D92B6ED-404B-43BD-8C1C-837AD2B360B6}"
EndProject
Global
	GlobalSection(SolutionConfigurationPlatforms) = preSolution
		Debug|Any CPU = Debug|Any CPU
		Release|Any CPU = Release|Any CPU
	EndGlobalSection
	GlobalSection(ProjectConfigurationPlatforms) = postSolution
		{4D92B6ED-404B-43BD-8C1C-837AD2B360B6}.Debug|Any CPU.ActiveCfg = Debug|Any CPU
		{4D92B6ED-404B-43BD-8C1C-837AD2B360B6}.Debug|Any CPU.Build.0 = Debug|Any CPU
		{4D92B6ED-404B-43BD-8C1C-837AD2B360B6}.Release|Any CPU.ActiveCfg = Release|Any CPU
		{4D92B6ED-404B-43BD-8C1C-837AD2B360B6}.Release|Any CPU.Build.0 = Release|Any CPU
	EndGlobalSection
	GlobalSection(SolutionProperties) = preSolution
		HideSolutionNode = FALSE
	EndGlobalSection
	GlobalSection(ExtensibilityGlobals) = postSolution
		SolutionGuid = {F140CB32-6726-4B89-9DB7-3EC6CEA709CC}
	EndGlobalSection
EndGlobal
